// !$*UTF8*$!
{
	archiveVersion = 1;
	classes = {
	};
	objectVersion = 77;
	objects = {

/* Begin PBXBuildFile section */
		8ED1D37F2F084C5F00010593 /* AccessibleKeyboard.appex in Embed Foundation Extensions */ = {isa = PBXBuildFile; fileRef = 8ED1D3702F084C5F00010593 /* AccessibleKeyboard.appex */; settings = {ATTRIBUTES = (RemoveHeadersOnCopy, ); }; };
/* End PBXBuildFile section */

/* Begin PBXContainerItemProxy section */
		8ED1D34D2F084C5E00010593 /* PBXContainerItemProxy */ = {
			isa = PBXContainerItemProxy;
			containerPortal = 8ED1D3332F084C5B00010593 /* Project object */;
			proxyType = 1;
			remoteGlobalIDString = 8ED1D33A2F084C5B00010593;
			remoteInfo = IpadKeyboard;
		};
		8ED1D3572F084C5E00010593 /* PBXContainerItemProxy */ = {
			isa = PBXContainerItemProxy;
			containerPortal = 8ED1D3332F084C5B00010593 /* Project object */;
			proxyType = 1;
			remoteGlobalIDString = 8ED1D33A2F084C5B00010593;
			remoteInfo = IpadKeyboard;
		};
		8ED1D37D2F084C5F00010593 /* PBXContainerItemProxy */ = {
			isa = PBXContainerItemProxy;
			containerPortal = 8ED1D3332F084C5B00010593 /* Project object */;
			proxyType = 1;
			remoteGlobalIDString = 8ED1D36F2F084C5F00010593;
			remoteInfo = AccessibleKeyboard;
		};
/* End PBXContainerItemProxy section */

/* Begin PBXCopyFilesBuildPhase section */
		8ED1D3802F084C5F00010593 /* Embed Foundation Extensions */ = {
			isa = PBXCopyFilesBuildPhase;
			buildActionMask = 2147483647;
			dstPath = "";
			dstSubfolderSpec = 13;
			files = (
				8ED1D37F2F084C5F00010593 /* AccessibleKeyboard.appex in Embed Foundation Extensions */,
			);
			name = "Embed Foundation Extensions";
			runOnlyForDeploymentPostprocessing = 0;
		};
/* End PBXCopyFilesBuildPhase section */

/* Begin PBXFileReference section */
		8ED1D33B2F084C5B00010593 /* IpadKeyboard.app */ = {isa = PBXFileReference; explicitFileType = wrapper.application; includeInIndex = 0; path = IpadKeyboard.app; sourceTree = BUILT_PRODUCTS_DIR; };
		8ED1D34C2F084C5E00010593 /* IpadKeyboardTests.xctest */ = {isa = PBXFileReference; explicitFileType = wrapper.cfbundle; includeInIndex = 0; path = IpadKeyboardTests.xctest; sourceTree = BUILT_PRODUCTS_DIR; };
		8ED1D3562F084C5E00010593 /* IpadKeyboardUITests.xctest */ = {isa = PBXFileReference; explicitFileType = wrapper.cfbundle; includeInIndex = 0; path = IpadKeyboardUITests.xctest; sourceTree = BUILT_PRODUCTS_DIR; };
		8ED1D3702F084C5F00010593 /* AccessibleKeyboard.appex */ = {isa = PBXFileReference; explicitFileType = "wrapper.app-extension"; includeInIndex = 0; path = AccessibleKeyboard.appex; sourceTree = BUILT_PRODUCTS_DIR; };
/* End PBXFileReference section */

/* Begin PBXFileSystemSynchronizedBuildFileExceptionSet section */
		8ED1D35E2F084C5E00010593 /* Exceptions for "IpadKeyboard" folder in "IpadKeyboard" target */ = {
			isa = PBXFileSystemSynchronizedBuildFileExceptionSet;
			membershipExceptions = (
				AccessibleKeyboard/Info.plist,
				AccessibleKeyboard/AccessibleKeyboardView.swift,
				AccessibleKeyboard/KeyView.swift,
				AccessibleKeyboard/SuggestionBarView.swift,
				AccessibleKeyboard/KeyboardViewController.swift,
				AccessibleKeyboard/WordPredictionEngine.swift,
				Info.plist,
			);
			target = 8ED1D33A2F084C5B00010593 /* IpadKeyboard */;
		};
		8ED1D3712F084C5F00010593 /* Exceptions for "IpadKeyboard" folder in "AccessibleKeyboard" target */ = {
			isa = PBXFileSystemSynchronizedBuildFileExceptionSet;
			membershipExceptions = (
				AccessibleKeyboard/Info.plist,
				Assets.xcassets,
				ContentView.swift,
				Info.plist,
				IpadKeyboardApp.swift,
				KeyboardSettings.swift,
				Localizable.swift,
			);
			target = 8ED1D36F2F084C5F00010593 /* AccessibleKeyboard */;
		};
/* End PBXFileSystemSynchronizedBuildFileExceptionSet section */

/* Begin PBXFileSystemSynchronizedRootGroup section */
		8ED1D33D2F084C5B00010593 /* IpadKeyboard */ = {
			isa = PBXFileSystemSynchronizedRootGroup;
			exceptions = (
				8ED1D35E2F084C5E00010593 /* Exceptions for "IpadKeyboard" folder in "IpadKeyboard" target */,
				8ED1D3712F084C5F00010593 /* Exceptions for "IpadKeyboard" folder in "AccessibleKeyboard" target */,
			);
			path = IpadKeyboard;
			sourceTree = "<group>";
		};
		8ED1D34F2F084C5E00010593 /* IpadKeyboardTests */ = {
			isa = PBXFileSystemSynchronizedRootGroup;
			path = IpadKeyboardTests;
			sourceTree = "<group>";
		};
		8ED1D3592F084C5E00010593 /* IpadKeyboardUITests */ = {
			isa = PBXFileSystemSynchronizedRootGroup;
			path = IpadKeyboardUITests;
			sourceTree = "<group>";
		};
/* End PBXFileSystemSynchronizedRootGroup section */

/* Begin PBXFrameworksBuildPhase section */
		8ED1D3382F084C5B00010593 /* Frameworks */ = {
			isa = PBXFrameworksBuildPhase;
			buildActionMask = 2147483647;
			files = (
			);
			runOnlyForDeploymentPostprocessing = 0;
		};
		8ED1D3492F084C5E00010593 /* Frameworks */ = {
			isa = PBXFrameworksBuildPhase;
			buildActionMask = 2147483647;
			files = (
			);
			runOnlyForDeploymentPostprocessing = 0;
		};
		8ED1D3532F084C5E00010593 /* Frameworks */ = {
			isa = PBXFrameworksBuildPhase;
			buildActionMask = 2147483647;
			files = (
			);
			runOnlyForDeploymentPostprocessing = 0;
		};
		8ED1D3722F084C5F00010593 /* Frameworks */ = {
			isa = PBXFrameworksBuildPhase;
			buildActionMask = 2147483647;
			files = (
			);
			runOnlyForDeploymentPostprocessing = 0;
		};
/* End PBXFrameworksBuildPhase section */

/* Begin PBXGroup section */
		8ED1D3322F084C5B00010593 = {
			isa = PBXGroup;
			children = (
				8ED1D33D2F084C5B00010593 /* IpadKeyboard */,
				8ED1D34F2F084C5E00010593 /* IpadKeyboardTests */,
				8ED1D3592F084C5E00010593 /* IpadKeyboardUITests */,
				8ED1D33C2F084C5B00010593 /* Products */,
			);
			sourceTree = "<group>";
		};
		8ED1D33C2F084C5B00010593 /* Products */ = {
			isa = PBXGroup;
			children = (
				8ED1D33B2F084C5B00010593 /* IpadKeyboard.app */,
				8ED1D34C2F084C5E00010593 /* IpadKeyboardTests.xctest */,
				8ED1D3562F084C5E00010593 /* IpadKeyboardUITests.xctest */,
				8ED1D3702F084C5F00010593 /* AccessibleKeyboard.appex */,
			);
			name = Products;
			sourceTree = "<group>";
		};
/* End PBXGroup section */

/* Begin PBXNativeTarget section */
		8ED1D33A2F084C5B00010593 /* IpadKeyboard */ = {
			isa = PBXNativeTarget;
			buildConfigurationList = 8ED1D35F2F084C5E00010593 /* Build configuration list for PBXNativeTarget "IpadKeyboard" */;
			buildPhases = (
				8ED1D3372F084C5B00010593 /* Sources */,
				8ED1D3382F084C5B00010593 /* Frameworks */,
				8ED1D3392F084C5B00010593 /* Resources */,
				8ED1D3802F084C5F00010593 /* Embed Foundation Extensions */,
			);
			buildRules = (
			);
			dependencies = (
				8ED1D37E2F084C5F00010593 /* PBXTargetDependency */,
			);
			fileSystemSynchronizedGroups = (
				8ED1D33D2F084C5B00010593 /* IpadKeyboard */,
			);
			name = IpadKeyboard;
			packageProductDependencies = (
			);
			productName = IpadKeyboard;
			productReference = 8ED1D33B2F084C5B00010593 /* IpadKeyboard.app */;
			productType = "com.apple.product-type.application";
		};
		8ED1D34B2F084C5E00010593 /* IpadKeyboardTests */ = {
			isa = PBXNativeTarget;
			buildConfigurationList = 8ED1D3642F084C5E00010593 /* Build configuration list for PBXNativeTarget "IpadKeyboardTests" */;
			buildPhases = (
				8ED1D3482F084C5E00010593 /* Sources */,
				8ED1D3492F084C5E00010593 /* Frameworks */,
				8ED1D34A2F084C5E00010593 /* Resources */,
			);
			buildRules = (
			);
			dependencies = (
				8ED1D34E2F084C5E00010593 /* PBXTargetDependency */,
			);
			fileSystemSynchronizedGroups = (
				8ED1D34F2F084C5E00010593 /* IpadKeyboardTests */,
			);
			name = IpadKeyboardTests;
			packageProductDependencies = (
			);
			productName = IpadKeyboardTests;
			productReference = 8ED1D34C2F084C5E00010593 /* IpadKeyboardTests.xctest */;
			productType = "com.apple.product-type.bundle.unit-test";
		};
		8ED1D3552F084C5E00010593 /* IpadKeyboardUITests */ = {
			isa = PBXNativeTarget;
			buildConfigurationList = 8ED1D3672F084C5E00010593 /* Build configuration list for PBXNativeTarget "IpadKeyboardUITests" */;
			buildPhases = (
				8ED1D3522F084C5E00010593 /* Sources */,
				8ED1D3532F084C5E00010593 /* Frameworks */,
				8ED1D3542F084C5E00010593 /* Resources */,
			);
			buildRules = (
			);
			dependencies = (
				8ED1D3582F084C5E00010593 /* PBXTargetDependency */,
			);
			fileSystemSynchronizedGroups = (
				8ED1D3592F084C5E00010593 /* IpadKeyboardUITests */,
			);
			name = IpadKeyboardUITests;
			packageProductDependencies = (
			);
			productName = IpadKeyboardUITests;
			productReference = 8ED1D3562F084C5E00010593 /* IpadKeyboardUITests.xctest */;
			productType = "com.apple.product-type.bundle.ui-testing";
		};
		8ED1D36F2F084C5F00010593 /* AccessibleKeyboard */ = {
			isa = PBXNativeTarget;
			buildConfigurationList = 8ED1D37B2F084C5F00010593 /* Build configuration list for PBXNativeTarget "AccessibleKeyboard" */;
			buildPhases = (
				8ED1D3732F084C5F00010593 /* Sources */,
				8ED1D3722F084C5F00010593 /* Frameworks */,
				8ED1D3742F084C5F00010593 /* Resources */,
			);
			buildRules = (
			);
			dependencies = (
			);
			fileSystemSynchronizedGroups = (
				8ED1D33D2F084C5B00010593 /* IpadKeyboard */,
			);
			name = AccessibleKeyboard;
			packageProductDependencies = (
			);
			productName = AccessibleKeyboard;
			productReference = 8ED1D3702F084C5F00010593 /* AccessibleKeyboard.appex */;
			productType = "com.apple.product-type.app-extension";
		};
/* End PBXNativeTarget section */

/* Begin PBXProject section */
		8ED1D3332F084C5B00010593 /* Project object */ = {
			isa = PBXProject;
			attributes = {
				BuildIndependentTargetsInParallel = 1;
				LastSwiftUpdateCheck = 1640;
				LastUpgradeCheck = 1640;
				TargetAttributes = {
					8ED1D33A2F084C5B00010593 = {
						CreatedOnToolsVersion = 16.4;
						SystemCapabilities = {
							com.apple.ApplicationGroups.iOS = {
								enabled = 1;
							};
						};
					};
					8ED1D34B2F084C5E00010593 = {
						CreatedOnToolsVersion = 16.4;
						TestTargetID = 8ED1D33A2F084C5B00010593;
					};
					8ED1D3552F084C5E00010593 = {
						CreatedOnToolsVersion = 16.4;
						TestTargetID = 8ED1D33A2F084C5B00010593;
					};
					8ED1D36F2F084C5F00010593 = {
						CreatedOnToolsVersion = 16.4;
						SystemCapabilities = {
							com.apple.ApplicationGroups.iOS = {
								enabled = 1;
							};
						};
					};
				};
			};
			buildConfigurationList = 8ED1D3362F084C5B00010593 /* Build configuration list for PBXProject "IpadKeyboard" */;
			developmentRegion = en;
			hasScannedForEncodings = 0;
			knownRegions = (
				en,
				Base,
			);
			mainGroup = 8ED1D3322F084C5B00010593;
			minimizedProjectReferenceProxies = 1;
			preferredProjectObjectVersion = 77;
			productRefGroup = 8ED1D33C2F084C5B00010593 /* Products */;
			projectDirPath = "";
			projectRoot = "";
			targets = (
				8ED1D33A2F084C5B00010593 /* IpadKeyboard */,
				8ED1D34B2F084C5E00010593 /* IpadKeyboardTests */,
				8ED1D3552F084C5E00010593 /* IpadKeyboardUITests */,
				8ED1D36F2F084C5F00010593 /* AccessibleKeyboard */,
			);
		};
/* End PBXProject section */

/* Begin PBXResourcesBuildPhase section */
		8ED1D3392F084C5B00010593 /* Resources */ = {
			isa = PBXResourcesBuildPhase;
			buildActionMask = 2147483647;
			files = (
			);
			runOnlyForDeploymentPostprocessing = 0;
		};
		8ED1D34A2F084C5E00010593 /* Resources */ = {
			isa = PBXResourcesBuildPhase;
			buildActionMask = 2147483647;
			files = (
			);
			runOnlyForDeploymentPostprocessing = 0;
		};
		8ED1D3542F084C5E00010593 /* Resources */ = {
			isa = PBXResourcesBuildPhase;
			buildActionMask = 2147483647;
			files = (
			);
			runOnlyForDeploymentPostprocessing = 0;
		};
		8ED1D3742F084C5F00010593 /* Resources */ = {
			isa = PBXResourcesBuildPhase;
			buildActionMask = 2147483647;
			files = (
			);
			runOnlyForDeploymentPostprocessing = 0;
		};
/* End PBXResourcesBuildPhase section */

/* Begin PBXSourcesBuildPhase section */
		8ED1D3372F084C5B00010593 /* Sources */ = {
			isa = PBXSourcesBuildPhase;
			buildActionMask = 2147483647;
			files = (
			);
			runOnlyForDeploymentPostprocessing = 0;
		};
		8ED1D3482F084C5E00010593 /* Sources */ = {
			isa = PBXSourcesBuildPhase;
			buildActionMask = 2147483647;
			files = (
			);
			runOnlyForDeploymentPostprocessing = 0;
		};
		8ED1D3522F084C5E00010593 /* Sources */ = {
			isa = PBXSourcesBuildPhase;
			buildActionMask = 2147483647;
			files = (
			);
			runOnlyForDeploymentPostprocessing = 0;
		};
		8ED1D3732F084C5F00010593 /* Sources */ = {
			isa = PBXSourcesBuildPhase;
			buildActionMask = 2147483647;
			files = (
			);
			runOnlyForDeploymentPostprocessing = 0;
		};
/* End PBXSourcesBuildPhase section */

/* Begin PBXTargetDependency section */
		8ED1D34E2F084C5E00010593 /* PBXTargetDependency */ = {
			isa = PBXTargetDependency;
			target = 8ED1D33A2F084C5B00010593 /* IpadKeyboard */;
			targetProxy = 8ED1D34D2F084C5E00010593 /* PBXContainerItemProxy */;
		};
		8ED1D3582F084C5E00010593 /* PBXTargetDependency */ = {
			isa = PBXTargetDependency;
			target = 8ED1D33A2F084C5B00010593 /* IpadKeyboard */;
			targetProxy = 8ED1D3572F084C5E00010593 /* PBXContainerItemProxy */;
		};
		8ED1D37E2F084C5F00010593 /* PBXTargetDependency */ = {
			isa = PBXTargetDependency;
			target = 8ED1D36F2F084C5F00010593 /* AccessibleKeyboard */;
			targetProxy = 8ED1D37D2F084C5F00010593 /* PBXContainerItemProxy */;
		};
/* End PBXTargetDependency section */

/* Begin XCBuildConfiguration section */
		8ED1D3602F084C5E00010593 /* Debug */ = {
			isa = XCBuildConfiguration;
			buildSettings = {
				ASSETCATALOG_COMPILER_APPICON_NAME = AppIcon;
				ASSETCATALOG_COMPILER_GLOBAL_ACCENT_COLOR_NAME = AccentColor;
				CODE_SIGN_ENTITLEMENTS = IpadKeyboard/IpadKeyboard.entitlements;
				CODE_SIGN_STYLE = Automatic;
				CURRENT_PROJECT_VERSION = 1;
				DEVELOPMENT_TEAM = 72GY62F838;
				ENABLE_PREVIEWS = YES;
				GENERATE_INFOPLIST_FILE = YES;
				INFOPLIST_FILE = IpadKeyboard/Info.plist;
				INFOPLIST_KEY_UIApplicationSceneManifest_Generation = YES;
				INFOPLIST_KEY_UIApplicationSupportsIndirectInputEvents = YES;
				INFOPLIST_KEY_UILaunchScreen_Generation = YES;
				INFOPLIST_KEY_UISupportedInterfaceOrientations_iPad = "UIInterfaceOrientationPortrait UIInterfaceOrientationPortraitUpsideDown UIInterfaceOrientationLandscapeLeft UIInterfaceOrientationLandscapeRight";
				INFOPLIST_KEY_UISupportedInterfaceOrientations_iPhone = "UIInterfaceOrientationPortrait UIInterfaceOrientationLandscapeLeft UIInterfaceOrientationLandscapeRight";
				LD_RUNPATH_SEARCH_PATHS = (
					"$(inherited)",
					"@executable_path/Frameworks",
				);
				MARKETING_VERSION = 1.0;
				PRODUCT_BUNDLE_IDENTIFIER = Arthur.IpadKeyboard;
				PRODUCT_NAME = "$(TARGET_NAME)";
				SWIFT_EMIT_LOC_STRINGS = YES;
				SWIFT_VERSION = 5.0;
				TARGETED_DEVICE_FAMILY = "1,2";
			};
			name = Debug;
		};
		8ED1D3612F084C5E00010593 /* Release */ = {
			isa = XCBuildConfiguration;
			buildSettings = {
				ASSETCATALOG_COMPILER_APPICON_NAME = AppIcon;
				ASSETCATALOG_COMPILER_GLOBAL_ACCENT_COLOR_NAME = AccentColor;
				CODE_SIGN_ENTITLEMENTS = IpadKeyboard/IpadKeyboard.entitlements;
				CODE_SIGN_STYLE = Automatic;
				CURRENT_PROJECT_VERSION = 1;
				DEVELOPMENT_TEAM = 72GY62F838;
				ENABLE_PREVIEWS = YES;
				GENERATE_INFOPLIST_FILE = YES;
				INFOPLIST_FILE = IpadKeyboard/Info.plist;
				INFOPLIST_KEY_UIApplicationSceneManifest_Generation = YES;
				INFOPLIST_KEY_UIApplicationSupportsIndirectInputEvents = YES;
				INFOPLIST_KEY_UILaunchScreen_Generation = YES;
				INFOPLIST_KEY_UISupportedInterfaceOrientations_iPad = "UIInterfaceOrientationPortrait UIInterfaceOrientationPortraitUpsideDown UIInterfaceOrientationLandscapeLeft UIInterfaceOrientationLandscapeRight";
				INFOPLIST_KEY_UISupportedInterfaceOrientations_iPhone = "UIInterfaceOrientationPortrait UIInterfaceOrientationLandscapeLeft UIInterfaceOrientationLandscapeRight";
				LD_RUNPATH_SEARCH_PATHS = (
					"$(inherited)",
					"@executable_path/Frameworks",
				);
				MARKETING_VERSION = 1.0;
				PRODUCT_BUNDLE_IDENTIFIER = Arthur.IpadKeyboard;
				PRODUCT_NAME = "$(TARGET_NAME)";
				SWIFT_EMIT_LOC_STRINGS = YES;
				SWIFT_VERSION = 5.0;
				TARGETED_DEVICE_FAMILY = "1,2";
			};
			name = Release;
		};
		8ED1D3622F084C5E00010593 /* Debug */ = {
			isa = XCBuildConfiguration;
			buildSettings = {
				ALWAYS_SEARCH_USER_PATHS = NO;
				ASSETCATALOG_COMPILER_GENERATE_SWIFT_ASSET_SYMBOL_EXTENSIONS = YES;
				CLANG_ANALYZER_NONNULL = YES;
				CLANG_ANALYZER_NUMBER_OBJECT_CONVERSION = YES_AGGRESSIVE;
				CLANG_CXX_LANGUAGE_STANDARD = "gnu++20";
				CLANG_ENABLE_MODULES = YES;
				CLANG_ENABLE_OBJC_ARC = YES;
				CLANG_ENABLE_OBJC_WEAK = YES;
				CLANG_WARN_BLOCK_CAPTURE_AUTORELEASING = YES;
				CLANG_WARN_BOOL_CONVERSION = YES;
				CLANG_WARN_COMMA = YES;
				CLANG_WARN_CONSTANT_CONVERSION = YES;
				CLANG_WARN_DEPRECATED_OBJC_IMPLEMENTATIONS = YES;
				CLANG_WARN_DIRECT_OBJC_ISA_USAGE = YES_ERROR;
				CLANG_WARN_DOCUMENTATION_COMMENTS = YES;
				CLANG_WARN_EMPTY_BODY = YES;
				CLANG_WARN_ENUM_CONVERSION = YES;
				CLANG_WARN_INFINITE_RECURSION = YES;
				CLANG_WARN_INT_CONVERSION = YES;
				CLANG_WARN_NON_LITERAL_NULL_CONVERSION = YES;
				CLANG_WARN_OBJC_IMPLICIT_RETAIN_SELF = YES;
				CLANG_WARN_OBJC_LITERAL_CONVERSION = YES;
				CLANG_WARN_OBJC_ROOT_CLASS = YES_ERROR;
				CLANG_WARN_QUOTED_INCLUDE_IN_FRAMEWORK_HEADER = YES;
				CLANG_WARN_RANGE_LOOP_ANALYSIS = YES;
				CLANG_WARN_STRICT_PROTOTYPES = YES;
				CLANG_WARN_SUSPICIOUS_MOVE = YES;
				CLANG_WARN_UNGUARDED_AVAILABILITY = YES_AGGRESSIVE;
				CLANG_WARN_UNREACHABLE_CODE = YES;
				CLANG_WARN__DUPLICATE_METHOD_MATCH = YES;
				COPY_PHASE_STRIP = NO;
				DEBUG_INFORMATION_FORMAT = dwarf;
				DEVELOPMENT_TEAM = 72GY62F838;
				ENABLE_STRICT_OBJC_MSGSEND = YES;
				ENABLE_TESTABILITY = YES;
				ENABLE_USER_SCRIPT_SANDBOXING = YES;
				GCC_C_LANGUAGE_STANDARD = gnu17;
				GCC_DYNAMIC_NO_PIC = NO;
				GCC_NO_COMMON_BLOCKS = YES;
				GCC_OPTIMIZATION_LEVEL = 0;
				GCC_PREPROCESSOR_DEFINITIONS = (
					"DEBUG=1",
					"$(inherited)",
				);
				GCC_WARN_64_TO_32_BIT_CONVERSION = YES;
				GCC_WARN_ABOUT_RETURN_TYPE = YES_ERROR;
				GCC_WARN_UNDECLARED_SELECTOR = YES;
				GCC_WARN_UNINITIALIZED_AUTOS = YES_AGGRESSIVE;
				GCC_WARN_UNUSED_FUNCTION = YES;
				GCC_WARN_UNUSED_VARIABLE = YES;
				IPHONEOS_DEPLOYMENT_TARGET = 18.5;
				LOCALIZATION_PREFERS_STRING_CATALOGS = YES;
				MTL_ENABLE_DEBUG_INFO = INCLUDE_SOURCE;
				MTL_FAST_MATH = YES;
				ONLY_ACTIVE_ARCH = YES;
				SDKROOT = iphoneos;
				SWIFT_ACTIVE_COMPILATION_CONDITIONS = "DEBUG $(inherited)";
				SWIFT_OPTIMIZATION_LEVEL = "-Onone";
			};
			name = Debug;
		};
		8ED1D3632F084C5E00010593 /* Release */ = {
			isa = XCBuildConfiguration;
			buildSettings = {
				ALWAYS_SEARCH_USER_PATHS = NO;
				ASSETCATALOG_COMPILER_GENERATE_SWIFT_ASSET_SYMBOL_EXTENSIONS = YES;
				CLANG_ANALYZER_NONNULL = YES;
				CLANG_ANALYZER_NUMBER_OBJECT_CONVERSION = YES_AGGRESSIVE;
				CLANG_CXX_LANGUAGE_STANDARD = "gnu++20";
				CLANG_ENABLE_MODULES = YES;
				CLANG_ENABLE_OBJC_ARC = YES;
				CLANG_ENABLE_OBJC_WEAK = YES;
				CLANG_WARN_BLOCK_CAPTURE_AUTORELEASING = YES;
				CLANG_WARN_BOOL_CONVERSION = YES;
				CLANG_WARN_COMMA = YES;
				CLANG_WARN_CONSTANT_CONVERSION = YES;
				CLANG_WARN_DEPRECATED_OBJC_IMPLEMENTATIONS = YES;
				CLANG_WARN_DIRECT_OBJC_ISA_USAGE = YES_ERROR;
				CLANG_WARN_DOCUMENTATION_COMMENTS = YES;
				CLANG_WARN_EMPTY_BODY = YES;
				CLANG_WARN_ENUM_CONVERSION = YES;
				CLANG_WARN_INFINITE_RECURSION = YES;
				CLANG_WARN_INT_CONVERSION = YES;
				CLANG_WARN_NON_LITERAL_NULL_CONVERSION = YES;
				CLANG_WARN_OBJC_IMPLICIT_RETAIN_SELF = YES;
				CLANG_WARN_OBJC_LITERAL_CONVERSION = YES;
				CLANG_WARN_OBJC_ROOT_CLASS = YES_ERROR;
				CLANG_WARN_QUOTED_INCLUDE_IN_FRAMEWORK_HEADER = YES;
				CLANG_WARN_RANGE_LOOP_ANALYSIS = YES;
				CLANG_WARN_STRICT_PROTOTYPES = YES;
				CLANG_WARN_SUSPICIOUS_MOVE = YES;
				CLANG_WARN_UNGUARDED_AVAILABILITY = YES_AGGRESSIVE;
				CLANG_WARN_UNREACHABLE_CODE = YES;
				CLANG_WARN__DUPLICATE_METHOD_MATCH = YES;
				COPY_PHASE_STRIP = NO;
				DEBUG_INFORMATION_FORMAT = "dwarf-with-dsym";
				DEVELOPMENT_TEAM = 72GY62F838;
				ENABLE_NS_ASSERTIONS = NO;
				ENABLE_STRICT_OBJC_MSGSEND = YES;
				ENABLE_USER_SCRIPT_SANDBOXING = YES;
				GCC_C_LANGUAGE_STANDARD = gnu17;
				GCC_NO_COMMON_BLOCKS = YES;
				GCC_WARN_64_TO_32_BIT_CONVERSION = YES;
				GCC_WARN_ABOUT_RETURN_TYPE = YES_ERROR;
				GCC_WARN_UNDECLARED_SELECTOR = YES;
				GCC_WARN_UNINITIALIZED_AUTOS = YES_AGGRESSIVE;
				GCC_WARN_UNUSED_FUNCTION = YES;
				GCC_WARN_UNUSED_VARIABLE = YES;
				IPHONEOS_DEPLOYMENT_TARGET = 18.5;
				LOCALIZATION_PREFERS_STRING_CATALOGS = YES;
				MTL_ENABLE_DEBUG_INFO = NO;
				MTL_FAST_MATH = YES;
				SDKROOT = iphoneos;
				SWIFT_COMPILATION_MODE = wholemodule;
				VALIDATE_PRODUCT = YES;
			};
			name = Release;
		};
		8ED1D3652F084C5E00010593 /* Debug */ = {
			isa = XCBuildConfiguration;
			buildSettings = {
				BUNDLE_LOADER = "$(TEST_HOST)";
				CODE_SIGN_STYLE = Automatic;
				CURRENT_PROJECT_VERSION = 1;
				DEVELOPMENT_TEAM = 72GY62F838;
				GENERATE_INFOPLIST_FILE = YES;
				IPHONEOS_DEPLOYMENT_TARGET = 18.5;
				MARKETING_VERSION = 1.0;
				PRODUCT_BUNDLE_IDENTIFIER = Arthur.IpadKeyboardTests;
				PRODUCT_NAME = "$(TARGET_NAME)";
				SWIFT_EMIT_LOC_STRINGS = NO;
				SWIFT_VERSION = 5.0;
				TARGETED_DEVICE_FAMILY = "1,2";
				TEST_HOST = "$(BUILT_PRODUCTS_DIR)/IpadKeyboard.app/$(BUNDLE_EXECUTABLE_FOLDER_PATH)/IpadKeyboard";
			};
			name = Debug;
		};
		8ED1D3662F084C5E00010593 /* Release */ = {
			isa = XCBuildConfiguration;
			buildSettings = {
				BUNDLE_LOADER = "$(TEST_HOST)";
				CODE_SIGN_STYLE = Automatic;
				CURRENT_PROJECT_VERSION = 1;
				DEVELOPMENT_TEAM = 72GY62F838;
				GENERATE_INFOPLIST_FILE = YES;
				IPHONEOS_DEPLOYMENT_TARGET = 18.5;
				MARKETING_VERSION = 1.0;
				PRODUCT_BUNDLE_IDENTIFIER = Arthur.IpadKeyboardTests;
				PRODUCT_NAME = "$(TARGET_NAME)";
				SWIFT_EMIT_LOC_STRINGS = NO;
				SWIFT_VERSION = 5.0;
				TARGETED_DEVICE_FAMILY = "1,2";
				TEST_HOST = "$(BUILT_PRODUCTS_DIR)/IpadKeyboard.app/$(BUNDLE_EXECUTABLE_FOLDER_PATH)/IpadKeyboard";
			};
			name = Release;
		};
		8ED1D3682F084C5E00010593 /* Debug */ = {
			isa = XCBuildConfiguration;
			buildSettings = {
				CODE_SIGN_STYLE = Automatic;
				CURRENT_PROJECT_VERSION = 1;
				DEVELOPMENT_TEAM = 72GY62F838;
				GENERATE_INFOPLIST_FILE = YES;
				MARKETING_VERSION = 1.0;
				PRODUCT_BUNDLE_IDENTIFIER = Arthur.IpadKeyboardUITests;
				PRODUCT_NAME = "$(TARGET_NAME)";
				SWIFT_EMIT_LOC_STRINGS = NO;
				SWIFT_VERSION = 5.0;
				TARGETED_DEVICE_FAMILY = "1,2";
				TEST_TARGET_NAME = IpadKeyboard;
			};
			name = Debug;
		};
		8ED1D3692F084C5E00010593 /* Release */ = {
			isa = XCBuildConfiguration;
			buildSettings = {
				CODE_SIGN_STYLE = Automatic;
				CURRENT_PROJECT_VERSION = 1;
				DEVELOPMENT_TEAM = 72GY62F838;
				GENERATE_INFOPLIST_FILE = YES;
				MARKETING_VERSION = 1.0;
				PRODUCT_BUNDLE_IDENTIFIER = Arthur.IpadKeyboardUITests;
				PRODUCT_NAME = "$(TARGET_NAME)";
				SWIFT_EMIT_LOC_STRINGS = NO;
				SWIFT_VERSION = 5.0;
				TARGETED_DEVICE_FAMILY = "1,2";
				TEST_TARGET_NAME = IpadKeyboard;
			};
			name = Release;
		};
		8ED1D3752F084C5F00010593 /* Debug */ = {
			isa = XCBuildConfiguration;
			buildSettings = {
				CODE_SIGN_ENTITLEMENTS = IpadKeyboard/AccessibleKeyboard/AccessibleKeyboard.entitlements;
				CODE_SIGN_STYLE = Automatic;
				CURRENT_PROJECT_VERSION = 1;
				DEVELOPMENT_TEAM = 72GY62F838;
				GENERATE_INFOPLIST_FILE = YES;
				INFOPLIST_FILE = IpadKeyboard/AccessibleKeyboard/Info.plist;
				INFOPLIST_KEY_CFBundleDisplayName = "Accessible Keyboard";
				INFOPLIST_KEY_NSHumanReadableCopyright = "";
				LD_RUNPATH_SEARCH_PATHS = (
					"$(inherited)",
					"@executable_path/Frameworks",
					"@executable_path/../../Frameworks",
				);
				MARKETING_VERSION = 1.0;
				PRODUCT_BUNDLE_IDENTIFIER = Arthur.IpadKeyboard.AccessibleKeyboard;
				PRODUCT_NAME = "$(TARGET_NAME)";
				SKIP_INSTALL = YES;
				SWIFT_EMIT_LOC_STRINGS = YES;
				SWIFT_VERSION = 5.0;
				TARGETED_DEVICE_FAMILY = "1,2";
			};
			name = Debug;
		};
		8ED1D3762F084C5F00010593 /* Release */ = {
			isa = XCBuildConfiguration;
			buildSettings = {
				CODE_SIGN_ENTITLEMENTS = IpadKeyboard/AccessibleKeyboard/AccessibleKeyboard.entitlements;
				CODE_SIGN_STYLE = Automatic;
				CURRENT_PROJECT_VERSION = 1;
				DEVELOPMENT_TEAM = 72GY62F838;
				GENERATE_INFOPLIST_FILE = YES;
				INFOPLIST_FILE = IpadKeyboard/AccessibleKeyboard/Info.plist;
				INFOPLIST_KEY_CFBundleDisplayName = "Accessible Keyboard";
				INFOPLIST_KEY_NSHumanReadableCopyright = "";
				LD_RUNPATH_SEARCH_PATHS = (
					"$(inherited)",
					"@executable_path/Frameworks",
					"@executable_path/../../Frameworks",
				);
				MARKETING_VERSION = 1.0;
				PRODUCT_BUNDLE_IDENTIFIER = Arthur.IpadKeyboard.AccessibleKeyboard;
				PRODUCT_NAME = "$(TARGET_NAME)";
				SKIP_INSTALL = YES;
				SWIFT_EMIT_LOC_STRINGS = YES;
				SWIFT_VERSION = 5.0;
				TARGETED_DEVICE_FAMILY = "1,2";
			};
			name = Release;
		};
/* End XCBuildConfiguration section */

/* Begin XCConfigurationList section */
		8ED1D3362F084C5B00010593 /* Build configuration list for PBXProject "IpadKeyboard" */ = {
			isa = XCConfigurationList;
			buildConfigurations = (
				8ED1D3622F084C5E00010593 /* Debug */,
				8ED1D3632F084C5E00010593 /* Release */,
			);
			defaultConfigurationIsVisible = 0;
			defaultConfigurationName = Release;
		};
		8ED1D35F2F084C5E00010593 /* Build configuration list for PBXNativeTarget "IpadKeyboard" */ = {
			isa = XCConfigurationList;
			buildConfigurations = (
				8ED1D3602F084C5E00010593 /* Debug */,
				8ED1D3612F084C5E00010593 /* Release */,
			);
			defaultConfigurationIsVisible = 0;
			defaultConfigurationName = Release;
		};
		8ED1D3642F084C5E00010593 /* Build configuration list for PBXNativeTarget "IpadKeyboardTests" */ = {
			isa = XCConfigurationList;
			buildConfigurations = (
				8ED1D3652F084C5E00010593 /* Debug */,
				8ED1D3662F084C5E00010593 /* Release */,
			);
			defaultConfigurationIsVisible = 0;
			defaultConfigurationName = Release;
		};
		8ED1D3672F084C5E00010593 /* Build configuration list for PBXNativeTarget "IpadKeyboardUITests" */ = {
			isa = XCConfigurationList;
			buildConfigurations = (
				8ED1D3682F084C5E00010593 /* Debug */,
				8ED1D3692F084C5E00010593 /* Release */,
			);
			defaultConfigurationIsVisible = 0;
			defaultConfigurationName = Release;
		};
		8ED1D37B2F084C5F00010593 /* Build configuration list for PBXNativeTarget "AccessibleKeyboard" */ = {
			isa = XCConfigurationList;
			buildConfigurations = (
				8ED1D3752F084C5F00010593 /* Debug */,
				8ED1D3762F084C5F00010593 /* Release */,
			);
			defaultConfigurationIsVisible = 0;
			defaultConfigurationName = Release;
		};
/* End XCConfigurationList section */
	};
	rootObject = 8ED1D3332F084C5B00010593 /* Project object */;
}
